
Microsoft Visual Studio Solution File, Format Version 12.00
# Visual Studio Version 16
VisualStudioVersion = 16.0.29503.13
MinimumVisualStudioVersion = 10.0.40219.1
Project("{FAE04EC0-301F-11D3-BF4B-00C04F79EFBC}") = "CatAdoption", "CatAdoption\CatAdoption.csproj", "{F88C1648-1C56-4632-9134-079E9A1DFE7C}"
EndProject
Global
	GlobalSection(SolutionConfigurationPlatforms) = preSolution
		Debug|Any CPU = Debug|Any CPU
		Release|Any CPU = Release|Any CPU
	EndGlobalSection
	GlobalSection(ProjectConfigurationPlatforms) = postSolution
		{F88C1648-1C56-4632-9134-079E9A1DFE7C}.Debug|Any CPU.ActiveCfg = Debug|Any CPU
		{F88C1648-1C56-4632-9134-079E9A1DFE7C}.Debug|Any CPU.Build.0 = Debug|Any CPU
		{F88C1648-1C56-4632-9134-079E9A1DFE7C}.Release|Any CPU.ActiveCfg = Release|Any CPU
		{F88C1648-1C56-4632-9134-079E9A1DFE7C}.Release|Any CPU.Build.0 = Release|Any CPU
	EndGlobalSection
	GlobalSection(SolutionProperties) = preSolution
		HideSolutionNode = FALSE
	EndGlobalSection
	GlobalSection(ExtensibilityGlobals) = postSolution
		SolutionGuid = {461F0FD8-81EA-482F-A4E5-90E905308C51}
	EndGlobalSection
EndGlobal
